Microsoft Visual Studio Solution File, Format Version 12.00
# Visual Studio 14
VisualStudioVersion = 14.0.24720.0
MinimumVisualStudioVersion = 10.0.40219.1
Project("{FAE04EC0-301F-11D3-BF4B-00C04F79EFBC}") = "PlaxFm.Service", "Source\PlaxFM.Service\PlaxFm.Service.csproj", "{07DA0509-E3F6-4926-9198-A4AC4F2E1564}"
EndProject
Project("{6141683F-8A12-4E36-9623-2EB02B2C2303}") = "PlaxFm.Installer", "Source\PlaxFM.Installer\PlaxFm.Installer.isproj", "{0F2C1BB7-8902-4EC4-BEFE-49F426AB1A54}"
	ProjectSection(ProjectDependencies) = postProject
		{07DA0509-E3F6-4926-9198-A4AC4F2E1564} = {07DA0509-E3F6-4926-9198-A4AC4F2E1564}
		{17001C1B-0EDC-469A-B99D-3B64C2FAB6F0} = {17001C1B-0EDC-469A-B99D-3B64C2FAB6F0}
		{4F7DE0A3-A2B7-4150-80EE-661B8F3A57C4} = {4F7DE0A3-A2B7-4150-80EE-661B8F3A57C4}
	EndProjectSection
EndProject
Project("{FAE04EC0-301F-11D3-BF4B-00C04F79EFBC}") = "PlaxFm.SystemTray", "Source\PlaxFM.SystemTray\PlaxFm.SystemTray.csproj", "{4F7DE0A3-A2B7-4150-80EE-661B8F3A57C4}"
EndProject
Project("{FAE04EC0-301F-11D3-BF4B-00C04F79EFBC}") = "PlaxFm.Core", "Source\PlaxFm.Core\PlaxFm.Core.csproj", "{17001C1B-0EDC-469A-B99D-3B64C2FAB6F0}"
EndProject
Project("{2150E333-8FDC-42A3-9474-1A3956D46DE8}") = "Deploy", "Deploy", "{387D01CE-677B-4D0C-9DA3-5667A83648D4}"
	ProjectSection(SolutionItems) = preProject
		Deploy\deployService.vbs = Deploy\deployService.vbs
		Deploy\removeService.vbs = Deploy\removeService.vbs
	EndProjectSection
EndProject
Project("{2150E333-8FDC-42A3-9474-1A3956D46DE8}") = "Solution Items", "Solution Items", "{A0C1223B-0BE1-4913-8175-58217F48890A}"
	ProjectSection(SolutionItems) = preProject
		ConfigValues.xml = ConfigValues.xml
	EndProjectSection
EndProject
Project("{FAE04EC0-301F-11D3-BF4B-00C04F79EFBC}") = "PlaxFm.Tests.Unit", "Source\PlaxFm.Tests.Unit\PlaxFm.Tests.Unit.csproj", "{ECDD3ACC-E67A-479D-9D8E-39613D8EF56F}"
EndProject
Global
	GlobalSection(SolutionConfigurationPlatforms) = preSolution
		CD_ROM|Any CPU = CD_ROM|Any CPU
		Debug|Any CPU = Debug|Any CPU
		DVD-5|Any CPU = DVD-5|Any CPU
		Release|Any CPU = Release|Any CPU
		SingleImage|Any CPU = SingleImage|Any CPU
	EndGlobalSection
	GlobalSection(ProjectConfigurationPlatforms) = postSolution
		{07DA0509-E3F6-4926-9198-A4AC4F2E1564}.CD_ROM|Any CPU.ActiveCfg = Release|Any CPU
		{07DA0509-E3F6-4926-9198-A4AC4F2E1564}.CD_ROM|Any CPU.Build.0 = Release|Any CPU
		{07DA0509-E3F6-4926-9198-A4AC4F2E1564}.Debug|Any CPU.ActiveCfg = Debug|Any CPU
		{07DA0509-E3F6-4926-9198-A4AC4F2E1564}.Debug|Any CPU.Build.0 = Debug|Any CPU
		{07DA0509-E3F6-4926-9198-A4AC4F2E1564}.DVD-5|Any CPU.ActiveCfg = Debug|Any CPU
		{07DA0509-E3F6-4926-9198-A4AC4F2E1564}.DVD-5|Any CPU.Build.0 = Debug|Any CPU
		{07DA0509-E3F6-4926-9198-A4AC4F2E1564}.Release|Any CPU.ActiveCfg = Release|Any CPU
		{07DA0509-E3F6-4926-9198-A4AC4F2E1564}.Release|Any CPU.Build.0 = Release|Any CPU
		{07DA0509-E3F6-4926-9198-A4AC4F2E1564}.SingleImage|Any CPU.ActiveCfg = Release|Any CPU
		{07DA0509-E3F6-4926-9198-A4AC4F2E1564}.SingleImage|Any CPU.Build.0 = Release|Any CPU
		{0F2C1BB7-8902-4EC4-BEFE-49F426AB1A54}.CD_ROM|Any CPU.ActiveCfg = CD_ROM
		{0F2C1BB7-8902-4EC4-BEFE-49F426AB1A54}.CD_ROM|Any CPU.Build.0 = CD_ROM
		{0F2C1BB7-8902-4EC4-BEFE-49F426AB1A54}.Debug|Any CPU.ActiveCfg = SingleImage
		{0F2C1BB7-8902-4EC4-BEFE-49F426AB1A54}.Debug|Any CPU.Build.0 = SingleImage
		{0F2C1BB7-8902-4EC4-BEFE-49F426AB1A54}.DVD-5|Any CPU.ActiveCfg = DVD-5
		{0F2C1BB7-8902-4EC4-BEFE-49F426AB1A54}.DVD-5|Any CPU.Build.0 = DVD-5
		{0F2C1BB7-8902-4EC4-BEFE-49F426AB1A54}.Release|Any CPU.ActiveCfg = SingleImage
		{0F2C1BB7-8902-4EC4-BEFE-49F426AB1A54}.Release|Any CPU.Build.0 = SingleImage
		{0F2C1BB7-8902-4EC4-BEFE-49F426AB1A54}.SingleImage|Any CPU.ActiveCfg = SingleImage
		{0F2C1BB7-8902-4EC4-BEFE-49F426AB1A54}.SingleImage|Any CPU.Build.0 = SingleImage
		{4F7DE0A3-A2B7-4150-80EE-661B8F3A57C4}.CD_ROM|Any CPU.ActiveCfg = Release|Any CPU
		{4F7DE0A3-A2B7-4150-80EE-661B8F3A57C4}.CD_ROM|Any CPU.Build.0 = Release|Any CPU
		{4F7DE0A3-A2B7-4150-80EE-661B8F3A57C4}.Debug|Any CPU.ActiveCfg = Debug|Any CPU
		{4F7DE0A3-A2B7-4150-80EE-661B8F3A57C4}.Debug|Any CPU.Build.0 = Debug|Any CPU
		{4F7DE0A3-A2B7-4150-80EE-661B8F3A57C4}.DVD-5|Any CPU.ActiveCfg = Debug|Any CPU
		{4F7DE0A3-A2B7-4150-80EE-661B8F3A57C4}.DVD-5|Any CPU.Build.0 = Debug|Any CPU
		{4F7DE0A3-A2B7-4150-80EE-661B8F3A57C4}.Release|Any CPU.ActiveCfg = Release|Any CPU
		{4F7DE0A3-A2B7-4150-80EE-661B8F3A57C4}.Release|Any CPU.Build.0 = Release|Any CPU
		{4F7DE0A3-A2B7-4150-80EE-661B8F3A57C4}.SingleImage|Any CPU.ActiveCfg = Release|Any CPU
		{4F7DE0A3-A2B7-4150-80EE-661B8F3A57C4}.SingleImage|Any CPU.Build.0 = Release|Any CPU
		{17001C1B-0EDC-469A-B99D-3B64C2FAB6F0}.CD_ROM|Any CPU.ActiveCfg = Release|Any CPU
		{17001C1B-0EDC-469A-B99D-3B64C2FAB6F0}.CD_ROM|Any CPU.Build.0 = Release|Any CPU
		{17001C1B-0EDC-469A-B99D-3B64C2FAB6F0}.Debug|Any CPU.ActiveCfg = Debug|Any CPU
		{17001C1B-0EDC-469A-B99D-3B64C2FAB6F0}.Debug|Any CPU.Build.0 = Debug|Any CPU
		{17001C1B-0EDC-469A-B99D-3B64C2FAB6F0}.DVD-5|Any CPU.ActiveCfg = Debug|Any CPU
		{17001C1B-0EDC-469A-B99D-3B64C2FAB6F0}.DVD-5|Any CPU.Build.0 = Debug|Any CPU
		{17001C1B-0EDC-469A-B99D-3B64C2FAB6F0}.Release|Any CPU.ActiveCfg = Release|Any CPU
		{17001C1B-0EDC-469A-B99D-3B64C2FAB6F0}.Release|Any CPU.Build.0 = Release|Any CPU
		{17001C1B-0EDC-469A-B99D-3B64C2FAB6F0}.SingleImage|Any CPU.ActiveCfg = Release|Any CPU
		{17001C1B-0EDC-469A-B99D-3B64C2FAB6F0}.SingleImage|Any CPU.Build.0 = Release|Any CPU
		{ECDD3ACC-E67A-479D-9D8E-39613D8EF56F}.CD_ROM|Any CPU.ActiveCfg = Release|Any CPU
		{ECDD3ACC-E67A-479D-9D8E-39613D8EF56F}.CD_ROM|Any CPU.Build.0 = Release|Any CPU
		{ECDD3ACC-E67A-479D-9D8E-39613D8EF56F}.Debug|Any CPU.ActiveCfg = Debug|Any CPU
		{ECDD3ACC-E67A-479D-9D8E-39613D8EF56F}.Debug|Any CPU.Build.0 = Debug|Any CPU
		{ECDD3ACC-E67A-479D-9D8E-39613D8EF56F}.DVD-5|Any CPU.ActiveCfg = Debug|Any CPU
		{ECDD3ACC-E67A-479D-9D8E-39613D8EF56F}.DVD-5|Any CPU.Build.0 = Debug|Any CPU
		{ECDD3ACC-E67A-479D-9D8E-39613D8EF56F}.Release|Any CPU.ActiveCfg = Release|Any CPU
		{ECDD3ACC-E67A-479D-9D8E-39613D8EF56F}.Release|Any CPU.Build.0 = Release|Any CPU
		{ECDD3ACC-E67A-479D-9D8E-39613D8EF56F}.SingleImage|Any CPU.ActiveCfg = Release|Any CPU
		{ECDD3ACC-E67A-479D-9D8E-39613D8EF56F}.SingleImage|Any CPU.Build.0 = Release|Any CPU
	EndGlobalSection
	GlobalSection(SolutionProperties) = preSolution
		HideSolutionNode = FALSE
	EndGlobalSection
EndGlobal
